// !$*UTF8*$!
{
	archiveVersion = 1;
	classes = {
	};
	objectVersion = 46;
	objects = {

/* Begin PBXBuildFile section */
		42549C7F1DC1B42800659819 /* AppDelegate.swift in Sources */ = {isa = PBXBuildFile; fileRef = 42549C7E1DC1B42800659819 /* AppDelegate.swift */; };
		42549C841DC1B42900659819 /* Main.storyboard in Resources */ = {isa = PBXBuildFile; fileRef = 42549C821DC1B42900659819 /* Main.storyboard */; };
		42549C861DC1B42900659819 /* Assets.xcassets in Resources */ = {isa = PBXBuildFile; fileRef = 42549C851DC1B42900659819 /* Assets.xcassets */; };
		42549C891DC1B42900659819 /* LaunchScreen.storyboard in Resources */ = {isa = PBXBuildFile; fileRef = 42549C871DC1B42900659819 /* LaunchScreen.storyboard */; };
		425FD6BD1DC31F1500D3E772 /* Tweet.swift in Sources */ = {isa = PBXBuildFile; fileRef = 425FD6BC1DC31F1500D3E772 /* Tweet.swift */; };
		425FD6BF1DC31F2000D3E772 /* User.swift in Sources */ = {isa = PBXBuildFile; fileRef = 425FD6BE1DC31F2000D3E772 /* User.swift */; };
		425FD6C11DC32A1000D3E772 /* TwitterClient.swift in Sources */ = {isa = PBXBuildFile; fileRef = 425FD6C01DC32A1000D3E772 /* TwitterClient.swift */; };
		425FD6C31DC3B9E700D3E772 /* TweetsViewController.swift in Sources */ = {isa = PBXBuildFile; fileRef = 425FD6C21DC3B9E700D3E772 /* TweetsViewController.swift */; };
		427138BA1DC4420D002581E2 /* TweetCell.swift in Sources */ = {isa = PBXBuildFile; fileRef = 427138B91DC4420D002581E2 /* TweetCell.swift */; };
		427138BC1DC4656B002581E2 /* TweetDetailViewController.swift in Sources */ = {isa = PBXBuildFile; fileRef = 427138BB1DC4656B002581E2 /* TweetDetailViewController.swift */; };
		42AB4ED21DC3F16C00C960FA /* ComposeTweetViewController.swift in Sources */ = {isa = PBXBuildFile; fileRef = 42AB4ED11DC3F16C00C960FA /* ComposeTweetViewController.swift */; };
		42C726DF1DC1CD9900A40278 /* LoginViewController.swift in Sources */ = {isa = PBXBuildFile; fileRef = 42C726DE1DC1CD9900A40278 /* LoginViewController.swift */; };
		42CABAF71DC66A90001617ED /* ReplyViewController.swift in Sources */ = {isa = PBXBuildFile; fileRef = 42CABAF61DC66A90001617ED /* ReplyViewController.swift */; };
		42CABAFA1DC6A3D5001617ED /* Alert.swift in Sources */ = {isa = PBXBuildFile; fileRef = 42CABAF91DC6A3D5001617ED /* Alert.swift */; };
		B4001E71F808DE0287920367 /* Pods_TwitterClient.framework in Frameworks */ = {isa = PBXBuildFile; fileRef = B61A78CC8824C3FC66B7553C /* Pods_TwitterClient.framework */; };
/* End PBXBuildFile section */

/* Begin PBXFileReference section */
		42549C7B1DC1B42800659819 /* TwitterClient.app */ = {isa = PBXFileReference; explicitFileType = wrapper.application; includeInIndex = 0; path = TwitterClient.app; sourceTree = BUILT_PRODUCTS_DIR; };
		42549C7E1DC1B42800659819 /* AppDelegate.swift */ = {isa = PBXFileReference; lastKnownFileType = sourcecode.swift; path = AppDelegate.swift; sourceTree = "<group>"; };
		42549C831DC1B42900659819 /* Base */ = {isa = PBXFileReference; lastKnownFileType = file.storyboard; name = Base; path = Base.lproj/Main.storyboard; sourceTree = "<group>"; };
		42549C851DC1B42900659819 /* Assets.xcassets */ = {isa = PBXFileReference; lastKnownFileType = folder.assetcatalog; path = Assets.xcassets; sourceTree = "<group>"; };
		42549C881DC1B42900659819 /* Base */ = {isa = PBXFileReference; lastKnownFileType = file.storyboard; name = Base; path = Base.lproj/LaunchScreen.storyboard; sourceTree = "<group>"; };
		42549C8A1DC1B42900659819 /* Info.plist */ = {isa = PBXFileReference; lastKnownFileType = text.plist.xml; path = Info.plist; sourceTree = "<group>"; };
		425FD6BC1DC31F1500D3E772 /* Tweet.swift */ = {isa = PBXFileReference; fileEncoding = 4; lastKnownFileType = sourcecode.swift; path = Tweet.swift; sourceTree = "<group>"; };
		425FD6BE1DC31F2000D3E772 /* User.swift */ = {isa = PBXFileReference; fileEncoding = 4; lastKnownFileType = sourcecode.swift; path = User.swift; sourceTree = "<group>"; };
		425FD6C01DC32A1000D3E772 /* TwitterClient.swift */ = {isa = PBXFileReference; fileEncoding = 4; lastKnownFileType = sourcecode.swift; path = TwitterClient.swift; sourceTree = "<group>"; };
		425FD6C21DC3B9E700D3E772 /* TweetsViewController.swift */ = {isa = PBXFileReference; fileEncoding = 4; lastKnownFileType = sourcecode.swift; path = TweetsViewController.swift; sourceTree = "<group>"; };
		427138B91DC4420D002581E2 /* TweetCell.swift */ = {isa = PBXFileReference; fileEncoding = 4; lastKnownFileType = sourcecode.swift; path = TweetCell.swift; sourceTree = "<group>"; };
		427138BB1DC4656B002581E2 /* TweetDetailViewController.swift */ = {isa = PBXFileReference; fileEncoding = 4; lastKnownFileType = sourcecode.swift; path = TweetDetailViewController.swift; sourceTree = "<group>"; };
		42AB4ED11DC3F16C00C960FA /* ComposeTweetViewController.swift */ = {isa = PBXFileReference; fileEncoding = 4; lastKnownFileType = sourcecode.swift; path = ComposeTweetViewController.swift; sourceTree = "<group>"; };
		42C726DE1DC1CD9900A40278 /* LoginViewController.swift */ = {isa = PBXFileReference; fileEncoding = 4; lastKnownFileType = sourcecode.swift; path = LoginViewController.swift; sourceTree = "<group>"; };
		42CABAF61DC66A90001617ED /* ReplyViewController.swift */ = {isa = PBXFileReference; fileEncoding = 4; lastKnownFileType = sourcecode.swift; path = ReplyViewController.swift; sourceTree = "<group>"; };
		42CABAF91DC6A3D5001617ED /* Alert.swift */ = {isa = PBXFileReference; fileEncoding = 4; lastKnownFileType = sourcecode.swift; path = Alert.swift; sourceTree = "<group>"; };
		B61A78CC8824C3FC66B7553C /* Pods_TwitterClient.framework */ = {isa = PBXFileReference; explicitFileType = wrapper.framework; includeInIndex = 0; path = Pods_TwitterClient.framework; sourceTree = BUILT_PRODUCTS_DIR; };
		D197D8E91B6D6A63ADADEBA1 /* Pods-TwitterClient.debug.xcconfig */ = {isa = PBXFileReference; includeInIndex = 1; lastKnownFileType = text.xcconfig; name = "Pods-TwitterClient.debug.xcconfig"; path = "Pods/Target Support Files/Pods-TwitterClient/Pods-TwitterClient.debug.xcconfig"; sourceTree = "<group>"; };
		E39AD729DD7EF6D3E3E31E5D /* Pods-TwitterClient.release.xcconfig */ = {isa = PBXFileReference; includeInIndex = 1; lastKnownFileType = text.xcconfig; name = "Pods-TwitterClient.release.xcconfig"; path = "Pods/Target Support Files/Pods-TwitterClient/Pods-TwitterClient.release.xcconfig"; sourceTree = "<group>"; };
/* End PBXFileReference section */

/* Begin PBXFrameworksBuildPhase section */
		42549C781DC1B42800659819 /* Frameworks */ = {
			isa = PBXFrameworksBuildPhase;
			buildActionMask = 2147483647;
			files = (
				B4001E71F808DE0287920367 /* Pods_TwitterClient.framework in Frameworks */,
			);
			runOnlyForDeploymentPostprocessing = 0;
		};
/* End PBXFrameworksBuildPhase section */

/* Begin PBXGroup section */
		42549C721DC1B42800659819 = {
			isa = PBXGroup;
			children = (
				42549C7D1DC1B42800659819 /* TwitterClient */,
				42549C7C1DC1B42800659819 /* Products */,
				F348F254C967CB5BF679077D /* Pods */,
				FB4D644EBDFB9C096C92DB7E /* Frameworks */,
			);
			sourceTree = "<group>";
		};
		42549C7C1DC1B42800659819 /* Products */ = {
			isa = PBXGroup;
			children = (
				42549C7B1DC1B42800659819 /* TwitterClient.app */,
			);
			name = Products;
			sourceTree = "<group>";
		};
		42549C7D1DC1B42800659819 /* TwitterClient */ = {
			isa = PBXGroup;
			children = (
				42CABAF81DC6A3B9001617ED /* Helpers */,
				425FD6BB1DC31EF400D3E772 /* API */,
				425FD6BA1DC31ECB00D3E772 /* Models */,
				427138B81DC441EB002581E2 /* Views */,
				425FD6B91DC31EC600D3E772 /* ViewControllers */,
				42549C7E1DC1B42800659819 /* AppDelegate.swift */,
				42549C821DC1B42900659819 /* Main.storyboard */,
				42549C851DC1B42900659819 /* Assets.xcassets */,
				42549C871DC1B42900659819 /* LaunchScreen.storyboard */,
				42549C8A1DC1B42900659819 /* Info.plist */,
			);
			path = TwitterClient;
			sourceTree = "<group>";
		};
		425FD6B91DC31EC600D3E772 /* ViewControllers */ = {
			isa = PBXGroup;
			children = (
				42C726DE1DC1CD9900A40278 /* LoginViewController.swift */,
				425FD6C21DC3B9E700D3E772 /* TweetsViewController.swift */,
				42AB4ED11DC3F16C00C960FA /* ComposeTweetViewController.swift */,
				427138BB1DC4656B002581E2 /* TweetDetailViewController.swift */,
				42CABAF61DC66A90001617ED /* ReplyViewController.swift */,
			);
			name = ViewControllers;
			sourceTree = "<group>";
		};
		425FD6BA1DC31ECB00D3E772 /* Models */ = {
			isa = PBXGroup;
			children = (
				425FD6BC1DC31F1500D3E772 /* Tweet.swift */,
				425FD6BE1DC31F2000D3E772 /* User.swift */,
			);
			name = Models;
			sourceTree = "<group>";
		};
		425FD6BB1DC31EF400D3E772 /* API */ = {
			isa = PBXGroup;
			children = (
				425FD6C01DC32A1000D3E772 /* TwitterClient.swift */,
			);
			name = API;
			sourceTree = "<group>";
		};
		427138B81DC441EB002581E2 /* Views */ = {
			isa = PBXGroup;
			children = (
				427138B91DC4420D002581E2 /* TweetCell.swift */,
			);
			name = Views;
			sourceTree = "<group>";
		};
		42CABAF81DC6A3B9001617ED /* Helpers */ = {
			isa = PBXGroup;
			children = (
				42CABAF91DC6A3D5001617ED /* Alert.swift */,
			);
			name = Helpers;
			sourceTree = "<group>";
		};
		F348F254C967CB5BF679077D /* Pods */ = {
			isa = PBXGroup;
			children = (
				D197D8E91B6D6A63ADADEBA1 /* Pods-TwitterClient.debug.xcconfig */,
				E39AD729DD7EF6D3E3E31E5D /* Pods-TwitterClient.release.xcconfig */,
			);
			name = Pods;
			sourceTree = "<group>";
		};
		FB4D644EBDFB9C096C92DB7E /* Frameworks */ = {
			isa = PBXGroup;
			children = (
				B61A78CC8824C3FC66B7553C /* Pods_TwitterClient.framework */,
			);
			name = Frameworks;
			sourceTree = "<group>";
		};
/* End PBXGroup section */

/* Begin PBXNativeTarget section */
		42549C7A1DC1B42800659819 /* TwitterClient */ = {
			isa = PBXNativeTarget;
			buildConfigurationList = 42549C8D1DC1B42900659819 /* Build configuration list for PBXNativeTarget "TwitterClient" */;
			buildPhases = (
				CD51CCF195AAC69344AF2A76 /* [CP] Check Pods Manifest.lock */,
				42549C771DC1B42800659819 /* Sources */,
				42549C781DC1B42800659819 /* Frameworks */,
				42549C791DC1B42800659819 /* Resources */,
				CA6E625CC82FE83C73BC9822 /* [CP] Embed Pods Frameworks */,
				6AF79047B0DF92CB0754839A /* [CP] Copy Pods Resources */,
			);
			buildRules = (
			);
			dependencies = (
			);
			name = TwitterClient;
			productName = TwitterClient;
			productReference = 42549C7B1DC1B42800659819 /* TwitterClient.app */;
			productType = "com.apple.product-type.application";
		};
/* End PBXNativeTarget section */

/* Begin PBXProject section */
		42549C731DC1B42800659819 /* Project object */ = {
			isa = PBXProject;
			attributes = {
				LastSwiftUpdateCheck = 0800;
				LastUpgradeCheck = 0800;
				ORGANIZATIONNAME = "Pallavi Kurhade";
				TargetAttributes = {
					42549C7A1DC1B42800659819 = {
						CreatedOnToolsVersion = 8.0;
						ProvisioningStyle = Automatic;
					};
				};
			};
			buildConfigurationList = 42549C761DC1B42800659819 /* Build configuration list for PBXProject "TwitterClient" */;
			compatibilityVersion = "Xcode 3.2";
			developmentRegion = English;
			hasScannedForEncodings = 0;
			knownRegions = (
				en,
				Base,
			);
			mainGroup = 42549C721DC1B42800659819;
			productRefGroup = 42549C7C1DC1B42800659819 /* Products */;
			projectDirPath = "";
			projectRoot = "";
			targets = (
				42549C7A1DC1B42800659819 /* TwitterClient */,
			);
		};
/* End PBXProject section */

/* Begin PBXResourcesBuildPhase section */
		42549C791DC1B42800659819 /* Resources */ = {
			isa = PBXResourcesBuildPhase;
			buildActionMask = 2147483647;
			files = (
				42549C891DC1B42900659819 /* LaunchScreen.storyboard in Resources */,
				42549C861DC1B42900659819 /* Assets.xcassets in Resources */,
				42549C841DC1B42900659819 /* Main.storyboard in Resources */,
			);
			runOnlyForDeploymentPostprocessing = 0;
		};
/* End PBXResourcesBuildPhase section */

/* Begin PBXShellScriptBuildPhase section */
		6AF79047B0DF92CB0754839A /* [CP] Copy Pods Resources */ = {
			isa = PBXShellScriptBuildPhase;
			buildActionMask = 2147483647;
			files = (
			);
			inputPaths = (
			);
			name = "[CP] Copy Pods Resources";
			outputPaths = (
			);
			runOnlyForDeploymentPostprocessing = 0;
			shellPath = /bin/sh;
			shellScript = "\"${SRCROOT}/Pods/Target Support Files/Pods-TwitterClient/Pods-TwitterClient-resources.sh\"\n";
			showEnvVarsInLog = 0;
		};
		CA6E625CC82FE83C73BC9822 /* [CP] Embed Pods Frameworks */ = {
			isa = PBXShellScriptBuildPhase;
			buildActionMask = 2147483647;
			files = (
			);
			inputPaths = (
			);
			name = "[CP] Embed Pods Frameworks";
			outputPaths = (
			);
			runOnlyForDeploymentPostprocessing = 0;
			shellPath = /bin/sh;
			shellScript = "\"${SRCROOT}/Pods/Target Support Files/Pods-TwitterClient/Pods-TwitterClient-frameworks.sh\"\n";
			showEnvVarsInLog = 0;
		};
		CD51CCF195AAC69344AF2A76 /* [CP] Check Pods Manifest.lock */ = {
			isa = PBXShellScriptBuildPhase;
			buildActionMask = 2147483647;
			files = (
			);
			inputPaths = (
			);
			name = "[CP] Check Pods Manifest.lock";
			outputPaths = (
			);
			runOnlyForDeploymentPostprocessing = 0;
			shellPath = /bin/sh;
			shellScript = "diff \"${PODS_ROOT}/../Podfile.lock\" \"${PODS_ROOT}/Manifest.lock\" > /dev/null\nif [ $? != 0 ] ; then\n    # print error to STDERR\n    echo \"error: The sandbox is not in sync with the Podfile.lock. Run 'pod install' or update your CocoaPods installation.\" >&2\n    exit 1\nfi\n";
			showEnvVarsInLog = 0;
		};
/* End PBXShellScriptBuildPhase section */

/* Begin PBXSourcesBuildPhase section */
		42549C771DC1B42800659819 /* Sources */ = {
			isa = PBXSourcesBuildPhase;
			buildActionMask = 2147483647;
			files = (
				425FD6C11DC32A1000D3E772 /* TwitterClient.swift in Sources */,
				42CABAFA1DC6A3D5001617ED /* Alert.swift in Sources */,
				42CABAF71DC66A90001617ED /* ReplyViewController.swift in Sources */,
				425FD6BF1DC31F2000D3E772 /* User.swift in Sources */,
				427138BC1DC4656B002581E2 /* TweetDetailViewController.swift in Sources */,
				425FD6C31DC3B9E700D3E772 /* TweetsViewController.swift in Sources */,
				427138BA1DC4420D002581E2 /* TweetCell.swift in Sources */,
				425FD6BD1DC31F1500D3E772 /* Tweet.swift in Sources */,
				42AB4ED21DC3F16C00C960FA /* ComposeTweetViewController.swift in Sources */,
				42C726DF1DC1CD9900A40278 /* LoginViewController.swift in Sources */,
				42549C7F1DC1B42800659819 /* AppDelegate.swift in Sources */,
			);
			runOnlyForDeploymentPostprocessing = 0;
		};
/* End PBXSourcesBuildPhase section */

/* Begin PBXVariantGroup section */
		42549C821DC1B42900659819 /* Main.storyboard */ = {
			isa = PBXVariantGroup;
			children = (
				42549C831DC1B42900659819 /* Base */,
			);
			name = Main.storyboard;
			sourceTree = "<group>";
		};
		42549C871DC1B42900659819 /* LaunchScreen.storyboard */ = {
			isa = PBXVariantGroup;
			children = (
				42549C881DC1B42900659819 /* Base */,
			);
			name = LaunchScreen.storyboard;
			sourceTree = "<group>";
		};
/* End PBXVariantGroup section */

/* Begin XCBuildConfiguration section */
		42549C8B1DC1B42900659819 /* Debug */ = {
			isa = XCBuildConfiguration;
			buildSettings = {
				ALWAYS_SEARCH_USER_PATHS = NO;
				CLANG_ANALYZER_NONNULL = YES;
				CLANG_CXX_LANGUAGE_STANDARD = "gnu++0x";
				CLANG_CXX_LIBRARY = "libc++";
				CLANG_ENABLE_MODULES = YES;
				CLANG_ENABLE_OBJC_ARC = YES;
				CLANG_WARN_BOOL_CONVERSION = YES;
				CLANG_WARN_CONSTANT_CONVERSION = YES;
				CLANG_WARN_DIRECT_OBJC_ISA_USAGE = YES_ERROR;
				CLANG_WARN_DOCUMENTATION_COMMENTS = YES;
				CLANG_WARN_EMPTY_BODY = YES;
				CLANG_WARN_ENUM_CONVERSION = YES;
				CLANG_WARN_INFINITE_RECURSION = YES;
				CLANG_WARN_INT_CONVERSION = YES;
				CLANG_WARN_OBJC_ROOT_CLASS = YES_ERROR;
				CLANG_WARN_SUSPICIOUS_MOVES = YES;
				CLANG_WARN_UNREACHABLE_CODE = YES;
				CLANG_WARN__DUPLICATE_METHOD_MATCH = YES;
				"CODE_SIGN_IDENTITY[sdk=iphoneos*]" = "iPhone Developer";
				COPY_PHASE_STRIP = NO;
				DEBUG_INFORMATION_FORMAT = dwarf;
				ENABLE_STRICT_OBJC_MSGSEND = YES;
				ENABLE_TESTABILITY = YES;
				GCC_C_LANGUAGE_STANDARD = gnu99;
				GCC_DYNAMIC_NO_PIC = NO;
				GCC_NO_COMMON_BLOCKS = YES;
				GCC_OPTIMIZATION_LEVEL = 0;
				GCC_PREPROCESSOR_DEFINITIONS = (
					"DEBUG=1",
					"$(inherited)",
				);
				GCC_WARN_64_TO_32_BIT_CONVERSION = YES;
				GCC_WARN_ABOUT_RETURN_TYPE = YES_ERROR;
				GCC_WARN_UNDECLARED_SELECTOR = YES;
				GCC_WARN_UNINITIALIZED_AUTOS = YES_AGGRESSIVE;
				GCC_WARN_UNUSED_FUNCTION = YES;
				GCC_WARN_UNUSED_VARIABLE = YES;
				IPHONEOS_DEPLOYMENT_TARGET = 10.0;
				MTL_ENABLE_DEBUG_INFO = YES;
				ONLY_ACTIVE_ARCH = YES;
				SDKROOT = iphoneos;
				SWIFT_ACTIVE_COMPILATION_CONDITIONS = DEBUG;
				SWIFT_OPTIMIZATION_LEVEL = "-Onone";
			};
			name = Debug;
		};
		42549C8C1DC1B42900659819 /* Release */ = {
			isa = XCBuildConfiguration;
			buildSettings = {
				ALWAYS_SEARCH_USER_PATHS = NO;
				CLANG_ANALYZER_NONNULL = YES;
				CLANG_CXX_LANGUAGE_STANDARD = "gnu++0x";
				CLANG_CXX_LIBRARY = "libc++";
				CLANG_ENABLE_MODULES = YES;
				CLANG_ENABLE_OBJC_ARC = YES;
				CLANG_WARN_BOOL_CONVERSION = YES;
				CLANG_WARN_CONSTANT_CONVERSION = YES;
				CLANG_WARN_DIRECT_OBJC_ISA_USAGE = YES_ERROR;
				CLANG_WARN_DOCUMENTATION_COMMENTS = YES;
				CLANG_WARN_EMPTY_BODY = YES;
				CLANG_WARN_ENUM_CONVERSION = YES;
				CLANG_WARN_INFINITE_RECURSION = YES;
				CLANG_WARN_INT_CONVERSION = YES;
				CLANG_WARN_OBJC_ROOT_CLASS = YES_ERROR;
				CLANG_WARN_SUSPICIOUS_MOVES = YES;
				CLANG_WARN_UNREACHABLE_CODE = YES;
				CLANG_WARN__DUPLICATE_METHOD_MATCH = YES;
				"CODE_SIGN_IDENTITY[sdk=iphoneos*]" = "iPhone Developer";
				COPY_PHASE_STRIP = NO;
				DEBUG_INFORMATION_FORMAT = "dwarf-with-dsym";
				ENABLE_NS_ASSERTIONS = NO;
				ENABLE_STRICT_OBJC_MSGSEND = YES;
				GCC_C_LANGUAGE_STANDARD = gnu99;
				GCC_NO_COMMON_BLOCKS = YES;
				GCC_WARN_64_TO_32_BIT_CONVERSION = YES;
				GCC_WARN_ABOUT_RETURN_TYPE = YES_ERROR;
				GCC_WARN_UNDECLARED_SELECTOR = YES;
				GCC_WARN_UNINITIALIZED_AUTOS = YES_AGGRESSIVE;
				GCC_WARN_UNUSED_FUNCTION = YES;
				GCC_WARN_UNUSED_VARIABLE = YES;
				IPHONEOS_DEPLOYMENT_TARGET = 10.0;
				MTL_ENABLE_DEBUG_INFO = NO;
				SDKROOT = iphoneos;
				SWIFT_OPTIMIZATION_LEVEL = "-Owholemodule";
				VALIDATE_PRODUCT = YES;
			};
			name = Release;
		};
		42549C8E1DC1B42900659819 /* Debug */ = {
			isa = XCBuildConfiguration;
			baseConfigurationReference = D197D8E91B6D6A63ADADEBA1 /* Pods-TwitterClient.debug.xcconfig */;
			buildSettings = {
				ASSETCATALOG_COMPILER_APPICON_NAME = AppIcon;
				DEVELOPMENT_TEAM = "";
				INFOPLIST_FILE = TwitterClient/Info.plist;
				LD_RUNPATH_SEARCH_PATHS = "$(inherited) @executable_path/Frameworks";
				PRODUCT_BUNDLE_IDENTIFIER = codepath.com.TwitterClient;
				PRODUCT_NAME = "$(TARGET_NAME)";
				SWIFT_VERSION = 3.0;
			};
			name = Debug;
		};
		42549C8F1DC1B42900659819 /* Release */ = {
			isa = XCBuildConfiguration;
			baseConfigurationReference = E39AD729DD7EF6D3E3E31E5D /* Pods-TwitterClient.release.xcconfig */;
			buildSettings = {
				ASSETCATALOG_COMPILER_APPICON_NAME = AppIcon;
				DEVELOPMENT_TEAM = "";
				INFOPLIST_FILE = TwitterClient/Info.plist;
				LD_RUNPATH_SEARCH_PATHS = "$(inherited) @executable_path/Frameworks";
				PRODUCT_BUNDLE_IDENTIFIER = codepath.com.TwitterClient;
				PRODUCT_NAME = "$(TARGET_NAME)";
				SWIFT_VERSION = 3.0;
			};
			name = Release;
		};
/* End XCBuildConfiguration section */

/* Begin XCConfigurationList section */
		42549C761DC1B42800659819 /* Build configuration list for PBXProject "TwitterClient" */ = {
			isa = XCConfigurationList;
			buildConfigurations = (
				42549C8B1DC1B42900659819 /* Debug */,
				42549C8C1DC1B42900659819 /* Release */,
			);
			defaultConfigurationIsVisible = 0;
			defaultConfigurationName = Release;
		};
		42549C8D1DC1B42900659819 /* Build configuration list for PBXNativeTarget "TwitterClient" */ = {
			isa = XCConfigurationList;
			buildConfigurations = (
				42549C8E1DC1B42900659819 /* Debug */,
				42549C8F1DC1B42900659819 /* Release */,
			);
			defaultConfigurationIsVisible = 0;
			defaultConfigurationName = Release;
		};
/* End XCConfigurationList section */
	};
	rootObject = 42549C731DC1B42800659819 /* Project object */;
}
